
Microsoft Visual Studio Solution File, Format Version 12.00
# Visual Studio Version 17
VisualStudioVersion = 17.6.33723.286
MinimumVisualStudioVersion = 10.0.40219.1
Project("{9A19103F-16F7-4668-BE54-9A1E7A4F7556}") = "Cadastrador", "Cadastrador\Cadastrador.csproj", "{89756EA7-F7AE-400E-8860-E1D284A991D5}"
EndProject
Project("{9A19103F-16F7-4668-BE54-9A1E7A4F7556}") = "Compartilhado", "Compartilhado\Compartilhado.csproj", "{6280DE9B-D6C1-4A47-850B-81DBB47B6B3B}"
EndProject
Project("{9A19103F-16F7-4668-BE54-9A1E7A4F7556}") = "Coletor", "Coletor\Coletor.csproj", "{91D883DC-5735-4C5E-9134-B09867245D69}"
EndProject
Global
	GlobalSection(SolutionConfigurationPlatforms) = preSolution
		Debug|Any CPU = Debug|Any CPU
		Release|Any CPU = Release|Any CPU
	EndGlobalSection
	GlobalSection(ProjectConfigurationPlatforms) = postSolution
		{89756EA7-F7AE-400E-8860-E1D284A991D5}.Debug|Any CPU.ActiveCfg = Debug|Any CPU
		{89756EA7-F7AE-400E-8860-E1D284A991D5}.Debug|Any CPU.Build.0 = Debug|Any CPU
		{89756EA7-F7AE-400E-8860-E1D284A991D5}.Release|Any CPU.ActiveCfg = Release|Any CPU
		{89756EA7-F7AE-400E-8860-E1D284A991D5}.Release|Any CPU.Build.0 = Release|Any CPU
		{6280DE9B-D6C1-4A47-850B-81DBB47B6B3B}.Debug|Any CPU.ActiveCfg = Debug|Any CPU
		{6280DE9B-D6C1-4A47-850B-81DBB47B6B3B}.Debug|Any CPU.Build.0 = Debug|Any CPU
		{6280DE9B-D6C1-4A47-850B-81DBB47B6B3B}.Release|Any CPU.ActiveCfg = Release|Any CPU
		{6280DE9B-D6C1-4A47-850B-81DBB47B6B3B}.Release|Any CPU.Build.0 = Release|Any CPU
		{91D883DC-5735-4C5E-9134-B09867245D69}.Debug|Any CPU.ActiveCfg = Debug|Any CPU
		{91D883DC-5735-4C5E-9134-B09867245D69}.Debug|Any CPU.Build.0 = Debug|Any CPU
		{91D883DC-5735-4C5E-9134-B09867245D69}.Release|Any CPU.ActiveCfg = Release|Any CPU
		{91D883DC-5735-4C5E-9134-B09867245D69}.Release|Any CPU.Build.0 = Release|Any CPU
	EndGlobalSection
	GlobalSection(SolutionProperties) = preSolution
		HideSolutionNode = FALSE
	EndGlobalSection
	GlobalSection(ExtensibilityGlobals) = postSolution
		SolutionGuid = {626F3C8E-3667-4520-9C4A-E8C635B71312}
	EndGlobalSection
EndGlobal
